PODS:
  - AdPopcornSSP (2.9.4)
  - AvatyeAdCash (3.1.24):
    - AdPopcornSSP (~> 2.9.1)
  - AvatyePointHome (1.8.4):
    - AvatyeAdCash (~> 3.1.24)

DEPENDENCIES:
  - AvatyePointHome (= 1.8.4)

SPEC REPOS:
  https://github.com/CocoaPods/Specs.git:
    - AdPopcornSSP
    - AvatyeAdCash
    - AvatyePointHome

SPEC CHECKSUMS:
  AdPopcornSSP: 4986651b4a444810313a846299b90aca3044e3a1
  AvatyeAdCash: cc993934ded1610f4b3d64d93f53c042075f7cca
  AvatyePointHome: 2c94fd75049d9899ab1e10f8e7d4ccb6aa94581f

PODFILE CHECKSUM: d8d5dd02ac420591b857cea131a50eba4747fc0a

COCOAPODS: 1.16.2
